{
  "originHash" : "f63c6ffaddcf0270373a0946a6c5baa876ddc920b91f9167541f1dc5e2b6396b",
  "pins" : [
    {
      "identity" : "swift-algorithms",
      "kind" : "remoteSourceControl",
      "location" : "https://github.com/apple/swift-algorithms.git",
      "state" : {
        "revision" : "87e50f483c54e6efd60e885f7f5aa946cee68023",
        "version" : "1.2.1"
      }
    },
    {
      "identity" : "swift-numerics",
      "kind" : "remoteSourceControl",
      "location" : "https://github.com/apple/swift-numerics.git",
      "state" : {
        "revision" : "bbadd4b853a33fd78c4ae977d17bb2af15eb3f2a",
        "version" : "1.1.0"
      }
    },
    {
      "identity" : "xyzswiftuiparts",
      "kind" : "remoteSourceControl",
      "location" : "https://github.com/cloudsquare22/XYZSwiftUIParts",
      "state" : {
        "branch" : "main",
        "revision" : "641b4fe509668e654e4e7dd510ba3a7ec7bbc231"
      }
    }
  ],
  "version" : 3
}
